
Microsoft Visual Studio Solution File, Format Version 12.00
# Visual Studio Version 16
VisualStudioVersion = 16.0.31424.327
MinimumVisualStudioVersion = 10.0.40219.1
Project("{FAE04EC0-301F-11D3-BF4B-00C04F79EFBC}") = "Clase", "Clase\Clase.csproj", "{45F45383-6394-4A2D-8FE2-E37834A9D680}"
EndProject
Global
	GlobalSection(SolutionConfigurationPlatforms) = preSolution
		Debug|Any CPU = Debug|Any CPU
		Release|Any CPU = Release|Any CPU
	EndGlobalSection
	GlobalSection(ProjectConfigurationPlatforms) = postSolution
		{45F45383-6394-4A2D-8FE2-E37834A9D680}.Debug|Any CPU.ActiveCfg = Debug|Any CPU
		{45F45383-6394-4A2D-8FE2-E37834A9D680}.Debug|Any CPU.Build.0 = Debug|Any CPU
		{45F45383-6394-4A2D-8FE2-E37834A9D680}.Release|Any CPU.ActiveCfg = Release|Any CPU
		{45F45383-6394-4A2D-8FE2-E37834A9D680}.Release|Any CPU.Build.0 = Release|Any CPU
	EndGlobalSection
	GlobalSection(SolutionProperties) = preSolution
		HideSolutionNode = FALSE
	EndGlobalSection
	GlobalSection(ExtensibilityGlobals) = postSolution
		SolutionGuid = {D6A4929E-113D-4A2B-8743-1EE135154EC9}
	EndGlobalSection
EndGlobal
